schema: '2.0'
stages:
  download:
    cmd:
    - curl -O http://www.manythings.org/anki/fra-eng.zip
    - unzip fra-eng.zip
    - rm _about.txt fra-eng.zip
    deps:
    - path: http://www.manythings.org/anki/fra-eng.zip
      hash: md5
      checksum: '29366693926503416364759562686349725439'
      size: 7757635
    outs:
    - path: fra.txt
      hash: md5
      md5: f16099673fd64e9fda1e17927ad02248
      size: 34292144
      cloud:
        s3cache:
          etag: f16099673fd64e9fda1e17927ad02248
          version_id: LT7bcG92.8FwBXrjkoJsoLPvp7aF76vf
  train:
    cmd: python train.py
    deps:
    - path: fra.txt
      hash: md5
      md5: f16099673fd64e9fda1e17927ad02248
      size: 34292144
    - path: train.py
      hash: md5
      md5: 03c48b33bda12a7ecf3f2acf2a378ac2
      size: 7187
    params:
      params.yaml:
        data_path: fra.txt
        model:
          batch_size: 512
          latent_dim: 8
          duration: 00:00:30:00
          max_epochs: 5
          optim:
            lr: 0.001
        num_samples: 10000
        seed: 423
    outs:
    - path: model
      hash: md5
      files:
      - relpath: epoch=2-step=48.ckpt
        md5: 1a46fc33614cd4365fb7e8a954bf5ace
        size: 18561
        cloud:
          s3cache:
            etag: 1a46fc33614cd4365fb7e8a954bf5ace
            version_id: BeIdsSZuEnUSvO9bcPdimjyTE0o2sZhi
    - path: results/artifacts
      hash: md5
      files:
      - relpath: epoch=2-step=48.ckpt
        md5: 1a46fc33614cd4365fb7e8a954bf5ace
        size: 18561
        cloud:
          s3cache:
            etag: 1a46fc33614cd4365fb7e8a954bf5ace
            version_id: ARtUGaBEsqZ.HQBzUNjqopL3IHqfDscY
    - path: results/metrics.json
      hash: md5
      md5: c75c4dd2c2553ee4f9e78c6fc303ea12
      size: 365
    - path: results/plots
      hash: md5
