schema: '2.0'
stages:
  download:
    cmd:
    - curl -O http://www.manythings.org/anki/fra-eng.zip
    - unzip fra-eng.zip
    - rm _about.txt fra-eng.zip
    deps:
    - path: http://www.manythings.org/anki/fra-eng.zip
      hash: md5
      checksum: '323911946554506536864863635156513540925'
      size: 7833145
    outs:
    - path: fra.txt
      hash: md5
      md5: f16099673fd64e9fda1e17927ad02248
      size: 34292144
  train:
    cmd: python train.py
    deps:
    - path: fra.txt
      hash: md5
      md5: f16099673fd64e9fda1e17927ad02248
      size: 34292144
    - path: train.py
      hash: md5
      md5: 460bbddf28787f23a0b806c448305056
      size: 7199
    params:
      params.yaml:
        data_path: fra.txt
        model:
          batch_size: 512
          latent_dim: 8
          duration: 00:00:30:00
          max_epochs: 2
          optim:
            lr: 0.01
        num_samples: 100000
        seed: 423
    outs:
    - path: model
      hash: md5
      md5: b4e402de57bdfa7871c9ea74562482f5.dir
      size: 18561
      nfiles: 1
    - path: results/artifacts
      hash: md5
      md5: b4e402de57bdfa7871c9ea74562482f5.dir
      size: 18561
      nfiles: 1
    - path: results/metrics.json
      hash: md5
      md5: 5a2826dab512207599ec8d56dbbb9e2b
      size: 22
    - path: results/plots
      hash: md5
      md5: fb480c0ed0588881f6ef4eb0d1a99a1a.dir
      size: 18
      nfiles: 1
